
Microsoft Visual Studio Solution File, Format Version 12.00
# Visual Studio Version 17
VisualStudioVersion = 17.7.34202.233
MinimumVisualStudioVersion = 10.0.40219.1
Project("{2150E333-8FDC-42A3-9474-1A3956D46DE8}") = "DAL", "DAL", "{9DB47153-44F3-486F-8EC0-9046AF8EDDD8}"
EndProject
Project("{2150E333-8FDC-42A3-9474-1A3956D46DE8}") = "PL", "PL", "{585E8894-AFFC-465F-9C77-6F0C305010A1}"
EndProject
Project("{2150E333-8FDC-42A3-9474-1A3956D46DE8}") = "BL", "BL", "{C953A500-F65F-4826-B8CF-D2763BCA1EE7}"
EndProject
Project("{FAE04EC0-301F-11D3-BF4B-00C04F79EFBC}") = "DB", "DB\DB.csproj", "{92D93F87-C644-4437-8D63-455C5A27516E}"
EndProject
Global
	GlobalSection(SolutionConfigurationPlatforms) = preSolution
		Debug|Any CPU = Debug|Any CPU
		Release|Any CPU = Release|Any CPU
	EndGlobalSection
	GlobalSection(ProjectConfigurationPlatforms) = postSolution
		{92D93F87-C644-4437-8D63-455C5A27516E}.Debug|Any CPU.ActiveCfg = Debug|Any CPU
		{92D93F87-C644-4437-8D63-455C5A27516E}.Debug|Any CPU.Build.0 = Debug|Any CPU
		{92D93F87-C644-4437-8D63-455C5A27516E}.Release|Any CPU.ActiveCfg = Release|Any CPU
		{92D93F87-C644-4437-8D63-455C5A27516E}.Release|Any CPU.Build.0 = Release|Any CPU
	EndGlobalSection
	GlobalSection(SolutionProperties) = preSolution
		HideSolutionNode = FALSE
	EndGlobalSection
	GlobalSection(NestedProjects) = preSolution
		{92D93F87-C644-4437-8D63-455C5A27516E} = {9DB47153-44F3-486F-8EC0-9046AF8EDDD8}
	EndGlobalSection
	GlobalSection(ExtensibilityGlobals) = postSolution
		SolutionGuid = {5280D35D-E0CC-4E05-AC02-B257C7394D67}
	EndGlobalSection
EndGlobal
